
Microsoft Visual Studio Solution File, Format Version 12.00
# Visual Studio Version 17
VisualStudioVersion = 17.4.33213.308
MinimumVisualStudioVersion = 10.0.40219.1
Project("{FAE04EC0-301F-11D3-BF4B-00C04F79EFBC}") = "WebAPI12", "WebAPI12.csproj", "{C1D697BB-1812-44DC-9E02-FE4F27A3E801}"
EndProject
Global
	GlobalSection(SolutionConfigurationPlatforms) = preSolution
		Debug|Any CPU = Debug|Any CPU
		Release|Any CPU = Release|Any CPU
	EndGlobalSection
	GlobalSection(ProjectConfigurationPlatforms) = postSolution
		{C1D697BB-1812-44DC-9E02-FE4F27A3E801}.Debug|Any CPU.ActiveCfg = Debug|Any CPU
		{C1D697BB-1812-44DC-9E02-FE4F27A3E801}.Debug|Any CPU.Build.0 = Debug|Any CPU
		{C1D697BB-1812-44DC-9E02-FE4F27A3E801}.Release|Any CPU.ActiveCfg = Release|Any CPU
		{C1D697BB-1812-44DC-9E02-FE4F27A3E801}.Release|Any CPU.Build.0 = Release|Any CPU
	EndGlobalSection
	GlobalSection(SolutionProperties) = preSolution
		HideSolutionNode = FALSE
	EndGlobalSection
	GlobalSection(ExtensibilityGlobals) = postSolution
		SolutionGuid = {9761A9D1-9C37-4EE0-9F27-FBEA9450A79F}
	EndGlobalSection
EndGlobal
